
Microsoft Visual Studio Solution File, Format Version 12.00
# Visual Studio Version 16
VisualStudioVersion = 16.0.31129.286
MinimumVisualStudioVersion = 10.0.40219.1
Project("{FAE04EC0-301F-11D3-BF4B-00C04F79EFBC}") = "Yu-Gi-Oh! - Memory game", "Yu-Gi-Oh! - Memory game.csproj", "{CFEBB7F3-52AD-46F9-9699-2ABA568885B5}"
EndProject
Global
	GlobalSection(SolutionConfigurationPlatforms) = preSolution
		Debug|Any CPU = Debug|Any CPU
		Release|Any CPU = Release|Any CPU
	EndGlobalSection
	GlobalSection(ProjectConfigurationPlatforms) = postSolution
		{CFEBB7F3-52AD-46F9-9699-2ABA568885B5}.Debug|Any CPU.ActiveCfg = Debug|Any CPU
		{CFEBB7F3-52AD-46F9-9699-2ABA568885B5}.Debug|Any CPU.Build.0 = Debug|Any CPU
		{CFEBB7F3-52AD-46F9-9699-2ABA568885B5}.Release|Any CPU.ActiveCfg = Release|Any CPU
		{CFEBB7F3-52AD-46F9-9699-2ABA568885B5}.Release|Any CPU.Build.0 = Release|Any CPU
	EndGlobalSection
	GlobalSection(SolutionProperties) = preSolution
		HideSolutionNode = FALSE
	EndGlobalSection
	GlobalSection(ExtensibilityGlobals) = postSolution
		SolutionGuid = {BE07FD5F-D00C-4FFB-99B0-90D929FFBA46}
	EndGlobalSection
EndGlobal
